
Microsoft Visual Studio Solution File, Format Version 12.00
# Visual Studio Version 17
VisualStudioVersion = 17.11.35219.272
MinimumVisualStudioVersion = 10.0.40219.1
Project("{FAE04EC0-301F-11D3-BF4B-00C04F79EFBC}") = "Finale", "Finale.csproj", "{694764D9-B8F4-42FF-AF86-FA4784E1DEA8}"
EndProject
Global
	GlobalSection(SolutionConfigurationPlatforms) = preSolution
		Debug|Any CPU = Debug|Any CPU
		Release|Any CPU = Release|Any CPU
	EndGlobalSection
	GlobalSection(ProjectConfigurationPlatforms) = postSolution
		{694764D9-B8F4-42FF-AF86-FA4784E1DEA8}.Debug|Any CPU.ActiveCfg = Debug|Any CPU
		{694764D9-B8F4-42FF-AF86-FA4784E1DEA8}.Debug|Any CPU.Build.0 = Debug|Any CPU
		{694764D9-B8F4-42FF-AF86-FA4784E1DEA8}.Release|Any CPU.ActiveCfg = Release|Any CPU
		{694764D9-B8F4-42FF-AF86-FA4784E1DEA8}.Release|Any CPU.Build.0 = Release|Any CPU
	EndGlobalSection
	GlobalSection(SolutionProperties) = preSolution
		HideSolutionNode = FALSE
	EndGlobalSection
	GlobalSection(ExtensibilityGlobals) = postSolution
		SolutionGuid = {961017F1-350D-4751-A331-500444C9C786}
	EndGlobalSection
EndGlobal
